
Microsoft Visual Studio Solution File, Format Version 12.00
# Visual Studio 2017
Project("{FAE04EC0-301F-11D3-BF4B-00C04F79EFBC}") = "Block20180524a", "Block20180524a.csproj", "{4D540E3F-9CF5-8847-8499-BE4DE4DDAEC0}"
EndProject
Global
	GlobalSection(SolutionConfigurationPlatforms) = preSolution
		Debug|Any CPU = Debug|Any CPU
		Release|Any CPU = Release|Any CPU
	EndGlobalSection
	GlobalSection(ProjectConfigurationPlatforms) = postSolution
		{4D540E3F-9CF5-8847-8499-BE4DE4DDAEC0}.Debug|Any CPU.ActiveCfg = Debug|Any CPU
		{4D540E3F-9CF5-8847-8499-BE4DE4DDAEC0}.Debug|Any CPU.Build.0 = Debug|Any CPU
		{4D540E3F-9CF5-8847-8499-BE4DE4DDAEC0}.Release|Any CPU.ActiveCfg = Release|Any CPU
		{4D540E3F-9CF5-8847-8499-BE4DE4DDAEC0}.Release|Any CPU.Build.0 = Release|Any CPU
	EndGlobalSection
	GlobalSection(SolutionProperties) = preSolution
		HideSolutionNode = FALSE
	EndGlobalSection
EndGlobal
