
Microsoft Visual Studio Solution File, Format Version 12.00
# Visual Studio 2017
Project("{FAE04EC0-301F-11D3-BF4B-00C04F79EFBC}") = "Block20180524b", "Block20180524b.csproj", "{5306A112-E55D-0D57-3F44-EC1728B29787}"
EndProject
Global
	GlobalSection(SolutionConfigurationPlatforms) = preSolution
		Debug|Any CPU = Debug|Any CPU
		Release|Any CPU = Release|Any CPU
	EndGlobalSection
	GlobalSection(ProjectConfigurationPlatforms) = postSolution
		{5306A112-E55D-0D57-3F44-EC1728B29787}.Debug|Any CPU.ActiveCfg = Debug|Any CPU
		{5306A112-E55D-0D57-3F44-EC1728B29787}.Debug|Any CPU.Build.0 = Debug|Any CPU
		{5306A112-E55D-0D57-3F44-EC1728B29787}.Release|Any CPU.ActiveCfg = Release|Any CPU
		{5306A112-E55D-0D57-3F44-EC1728B29787}.Release|Any CPU.Build.0 = Release|Any CPU
	EndGlobalSection
	GlobalSection(SolutionProperties) = preSolution
		HideSolutionNode = FALSE
	EndGlobalSection
EndGlobal
